
Microsoft Visual Studio Solution File, Format Version 12.00
# Visual Studio Version 16
VisualStudioVersion = 16.0.31205.134
MinimumVisualStudioVersion = 10.0.40219.1
Project("{FAE04EC0-301F-11D3-BF4B-00C04F79EFBC}") = "BankAccount", "BankAccount\BankAccount.csproj", "{7ACE9BC0-F0F6-4C88-86D9-7757C2DA8124}"
EndProject
Project("{FAE04EC0-301F-11D3-BF4B-00C04F79EFBC}") = "StructType", "..\..\Struct\StructType\StructType.csproj", "{F1BA853B-FEBB-4E15-9CC9-95A88883EE4B}"
EndProject
Global
	GlobalSection(SolutionConfigurationPlatforms) = preSolution
		Debug|Any CPU = Debug|Any CPU
		Release|Any CPU = Release|Any CPU
	EndGlobalSection
	GlobalSection(ProjectConfigurationPlatforms) = postSolution
		{7ACE9BC0-F0F6-4C88-86D9-7757C2DA8124}.Debug|Any CPU.ActiveCfg = Debug|Any CPU
		{7ACE9BC0-F0F6-4C88-86D9-7757C2DA8124}.Debug|Any CPU.Build.0 = Debug|Any CPU
		{7ACE9BC0-F0F6-4C88-86D9-7757C2DA8124}.Release|Any CPU.ActiveCfg = Release|Any CPU
		{7ACE9BC0-F0F6-4C88-86D9-7757C2DA8124}.Release|Any CPU.Build.0 = Release|Any CPU
		{F1BA853B-FEBB-4E15-9CC9-95A88883EE4B}.Debug|Any CPU.ActiveCfg = Debug|Any CPU
		{F1BA853B-FEBB-4E15-9CC9-95A88883EE4B}.Debug|Any CPU.Build.0 = Debug|Any CPU
		{F1BA853B-FEBB-4E15-9CC9-95A88883EE4B}.Release|Any CPU.ActiveCfg = Release|Any CPU
		{F1BA853B-FEBB-4E15-9CC9-95A88883EE4B}.Release|Any CPU.Build.0 = Release|Any CPU
	EndGlobalSection
	GlobalSection(SolutionProperties) = preSolution
		HideSolutionNode = FALSE
	EndGlobalSection
	GlobalSection(ExtensibilityGlobals) = postSolution
		SolutionGuid = {5F2D0D40-8418-4BFC-AC4F-D4F93B54E015}
	EndGlobalSection
EndGlobal
